<?xml version="1.0" encoding="utf-8"?>
<Project ToolsVersion="4.0" xmlns="http://schemas.microsoft.com/developer/msbuild/2003">
  <ItemGroup>
    <Filter Include="Source Files">
      <UniqueIdentifier>{4FC737F1-C7A5-4376-A066-2A32D752A2FF}</UniqueIdentifier>
      <Extensions>cpp;c;cc;cxx;def;odl;idl;hpj;bat;asm;asmx</Extensions>
    </Filter>
    <Filter Include="Header Files">
      <UniqueIdentifier>{93995380-89BD-4b04-88EB-625FBE52EBFB}</UniqueIdentifier>
      <Extensions>h;hh;hpp;hxx;hm;inl;inc;xsd</Extensions>
    </Filter>
    <Filter Include="Resource Files">
      <UniqueIdentifier>{67DA6AB6-F800-4c08-8B7A-83BB121AAD01}</UniqueIdentifier>
      <Extensions>rc;ico;cur;bmp;dlg;rc2;rct;bin;rgs;gif;jpg;jpeg;jpe;resx;tiff;tif;png;wav;mfcribbon-ms</Extensions>
    </Filter>
  </ItemGroup>
  <ItemGroup>
    <None Include="packages.config" />
    <None Include="skybox.fs">
      <Filter>Resource Files</Filter>
    </None>
    <None Include="skybox.vs">
      <Filter>Resource Files</Filter>
    </None>
    <None Include="shaderFile\shadow_volume.fs">
      <Filter>Resource Files</Filter>
    </None>
    <None Include="shaderFile\shadow_volume.gs">
      <Filter>Resource Files</Filter>
    </None>
    <None Include="shaderFile\shadow_volume.vs">
      <Filter>Resource Files</Filter>
    </None>
    <None Include="shaderFile\shadow_map.fs">
      <Filter>Resource Files</Filter>
    </None>
    <None Include="shaderFile\shadow_map.vs">
      <Filter>Resource Files</Filter>
    </None>
  </ItemGroup>
  <ItemGroup>
    <ClInclude Include="Move.h">
      <Filter>Header Files</Filter>
    </ClInclude>
    <ClInclude Include="skybox.h">
      <Filter>Header Files</Filter>
    </ClInclude>
    <ClInclude Include="skybox_technique.h">
      <Filter>Header Files</Filter>
    </ClInclude>
    <ClInclude Include="road.h">
      <Filter>Header Files</Filter>
    </ClInclude>
    <ClInclude Include="dynamicModel.h">
      <Filter>Header Files</Filter>
    </ClInclude>
    <ClInclude Include="staticModel.h">
      <Filter>Header Files</Filter>
    </ClInclude>
    <ClInclude Include="strategy.h">
      <Filter>Header Files</Filter>
    </ClInclude>
  </ItemGroup>
  <ItemGroup>
    <ClCompile Include="camera.cpp">
      <Filter>Source Files</Filter>
    </ClCompile>
    <ClCompile Include="glut_backend.cpp">
      <Filter>Source Files</Filter>
    </ClCompile>
    <ClCompile Include="ogldev_atb.cpp">
      <Filter>Source Files</Filter>
    </ClCompile>
    <ClCompile Include="ogldev_backend.cpp">
      <Filter>Source Files</Filter>
    </ClCompile>
    <ClCompile Include="ogldev_math_3d.cpp">
      <Filter>Source Files</Filter>
    </ClCompile>
    <ClCompile Include="ogldev_pipeline.cpp">
      <Filter>Source Files</Filter>
    </ClCompile>
    <ClCompile Include="ogldev_texture.cpp">
      <Filter>Source Files</Filter>
    </ClCompile>
    <ClCompile Include="ogldev_util.cpp">
      <Filter>Source Files</Filter>
    </ClCompile>
    <ClCompile Include="stdafx.cpp">
      <Filter>Source Files</Filter>
    </ClCompile>
    <ClCompile Include="cubemap_texture.cpp">
      <Filter>Source Files</Filter>
    </ClCompile>
    <ClCompile Include="io_buffer.cpp">
      <Filter>Source Files</Filter>
    </ClCompile>
    <ClCompile Include="ogldev_app.cpp">
      <Filter>Source Files</Filter>
    </ClCompile>
    <ClCompile Include="ogldev_basic_lighting.cpp">
      <Filter>Source Files</Filter>
    </ClCompile>
    <ClCompile Include="ogldev_basic_mesh.cpp">
      <Filter>Source Files</Filter>
    </ClCompile>
    <ClCompile Include="ogldev_glfw_backend.cpp">
      <Filter>Source Files</Filter>
    </ClCompile>
    <ClCompile Include="ogldev_shadow_map_fbo.cpp">
      <Filter>Source Files</Filter>
    </ClCompile>
    <ClCompile Include="ogldev_skinned_mesh.cpp">
      <Filter>Source Files</Filter>
    </ClCompile>
    <ClCompile Include="ogldev_vulkan.cpp">
      <Filter>Source Files</Filter>
    </ClCompile>
    <ClCompile Include="ogldev_vulkan_core.cpp">
      <Filter>Source Files</Filter>
    </ClCompile>
    <ClCompile Include="ogldev_win32_control.cpp">
      <Filter>Source Files</Filter>
    </ClCompile>
    <ClCompile Include="ogldev_xcb_control.cpp">
      <Filter>Source Files</Filter>
    </ClCompile>
    <ClCompile Include="random_texture.cpp">
      <Filter>Source Files</Filter>
    </ClCompile>
    <ClCompile Include="technique.cpp">
      <Filter>Source Files</Filter>
    </ClCompile>
    <ClCompile Include="Move.cpp">
      <Filter>Source Files</Filter>
    </ClCompile>
    <ClCompile Include="skybox.cpp">
      <Filter>Source Files</Filter>
    </ClCompile>
    <ClCompile Include="skybox_technique.cpp">
      <Filter>Source Files</Filter>
    </ClCompile>
    <ClCompile Include="main.cpp">
      <Filter>Source Files</Filter>
    </ClCompile>
    <ClCompile Include="staticModel.cpp">
      <Filter>Source Files</Filter>
    </ClCompile>
    <ClCompile Include="dynamicModel.cpp">
      <Filter>Source Files</Filter>
    </ClCompile>
    <ClCompile Include="strategy.cpp">
      <Filter>Source Files</Filter>
    </ClCompile>
    <ClCompile Include="shadow_volume_technique.cpp">
      <Filter>Source Files</Filter>
    </ClCompile>
    <ClCompile Include="null_technique.cpp">
      <Filter>Source Files</Filter>
    </ClCompile>
    <ClCompile Include="mesh.cpp">
      <Filter>Source Files</Filter>
    </ClCompile>
    <ClCompile Include="test\lighting_technique.cpp">
      <Filter>Source Files</Filter>
    </ClCompile>
    <ClCompile Include="test\shadow_map_technique.cpp">
      <Filter>Source Files</Filter>
    </ClCompile>
  </ItemGroup>
</Project>